// !$*UTF8*$!
{
	archiveVersion = 1;
	classes = {
	};
	objectVersion = 56;
	objects = {

/* Begin PBXBuildFile section */
		D0F8821B2A0DA7F400E490E7 /* McCann_Red_AngusApp.swift in Sources */ = {isa = PBXBuildFile; fileRef = D0F8821A2A0DA7F400E490E7 /* McCann_Red_AngusApp.swift */; };
		D0F8821D2A0DA7F400E490E7 /* ContentView.swift in Sources */ = {isa = PBXBuildFile; fileRef = D0F8821C2A0DA7F400E490E7 /* ContentView.swift */; };
		D0F8821F2A0DA7F700E490E7 /* Assets.xcassets in Resources */ = {isa = PBXBuildFile; fileRef = D0F8821E2A0DA7F700E490E7 /* Assets.xcassets */; };
		D0F882222A0DA7F700E490E7 /* Preview Assets.xcassets in Resources */ = {isa = PBXBuildFile; fileRef = D0F882212A0DA7F700E490E7 /* Preview Assets.xcassets */; };
		D0F8822C2A0DA7F700E490E7 /* McCann_Red_AngusTests.swift in Sources */ = {isa = PBXBuildFile; fileRef = D0F8822B2A0DA7F700E490E7 /* McCann_Red_AngusTests.swift */; };
		D0F882362A0DA7F700E490E7 /* McCann_Red_AngusUITests.swift in Sources */ = {isa = PBXBuildFile; fileRef = D0F882352A0DA7F700E490E7 /* McCann_Red_AngusUITests.swift */; };
		D0F882382A0DA7F700E490E7 /* McCann_Red_AngusUITestsLaunchTests.swift in Sources */ = {isa = PBXBuildFile; fileRef = D0F882372A0DA7F700E490E7 /* McCann_Red_AngusUITestsLaunchTests.swift */; };
/* End PBXBuildFile section */

/* Begin PBXContainerItemProxy section */
		D0F882282A0DA7F700E490E7 /* PBXContainerItemProxy */ = {
			isa = PBXContainerItemProxy;
			containerPortal = D0F8820F2A0DA7F400E490E7 /* Project object */;
			proxyType = 1;
			remoteGlobalIDString = D0F882162A0DA7F400E490E7;
			remoteInfo = "McCann Red Angus";
		};
		D0F882322A0DA7F700E490E7 /* PBXContainerItemProxy */ = {
			isa = PBXContainerItemProxy;
			containerPortal = D0F8820F2A0DA7F400E490E7 /* Project object */;
			proxyType = 1;
			remoteGlobalIDString = D0F882162A0DA7F400E490E7;
			remoteInfo = "McCann Red Angus";
		};
/* End PBXContainerItemProxy section */

/* Begin PBXFileReference section */
		D0F882172A0DA7F400E490E7 /* McCann Red Angus.app */ = {isa = PBXFileReference; explicitFileType = wrapper.application; includeInIndex = 0; path = "McCann Red Angus.app"; sourceTree = BUILT_PRODUCTS_DIR; };
		D0F8821A2A0DA7F400E490E7 /* McCann_Red_AngusApp.swift */ = {isa = PBXFileReference; lastKnownFileType = sourcecode.swift; path = McCann_Red_AngusApp.swift; sourceTree = "<group>"; };
		D0F8821C2A0DA7F400E490E7 /* ContentView.swift */ = {isa = PBXFileReference; lastKnownFileType = sourcecode.swift; path = ContentView.swift; sourceTree = "<group>"; };
		D0F8821E2A0DA7F700E490E7 /* Assets.xcassets */ = {isa = PBXFileReference; lastKnownFileType = folder.assetcatalog; path = Assets.xcassets; sourceTree = "<group>"; };
		D0F882212A0DA7F700E490E7 /* Preview Assets.xcassets */ = {isa = PBXFileReference; lastKnownFileType = folder.assetcatalog; path = "Preview Assets.xcassets"; sourceTree = "<group>"; };
		D0F882272A0DA7F700E490E7 /* McCann Red AngusTests.xctest */ = {isa = PBXFileReference; explicitFileType = wrapper.cfbundle; includeInIndex = 0; path = "McCann Red AngusTests.xctest"; sourceTree = BUILT_PRODUCTS_DIR; };
		D0F8822B2A0DA7F700E490E7 /* McCann_Red_AngusTests.swift */ = {isa = PBXFileReference; lastKnownFileType = sourcecode.swift; path = McCann_Red_AngusTests.swift; sourceTree = "<group>"; };
		D0F882312A0DA7F700E490E7 /* McCann Red AngusUITests.xctest */ = {isa = PBXFileReference; explicitFileType = wrapper.cfbundle; includeInIndex = 0; path = "McCann Red AngusUITests.xctest"; sourceTree = BUILT_PRODUCTS_DIR; };
		D0F882352A0DA7F700E490E7 /* McCann_Red_AngusUITests.swift */ = {isa = PBXFileReference; lastKnownFileType = sourcecode.swift; path = McCann_Red_AngusUITests.swift; sourceTree = "<group>"; };
		D0F882372A0DA7F700E490E7 /* McCann_Red_AngusUITestsLaunchTests.swift */ = {isa = PBXFileReference; lastKnownFileType = sourcecode.swift; path = McCann_Red_AngusUITestsLaunchTests.swift; sourceTree = "<group>"; };
/* End PBXFileReference section */

/* Begin PBXFrameworksBuildPhase section */
		D0F882142A0DA7F400E490E7 /* Frameworks */ = {
			isa = PBXFrameworksBuildPhase;
			buildActionMask = 2147483647;
			files = (
			);
			runOnlyForDeploymentPostprocessing = 0;
		};
		D0F882242A0DA7F700E490E7 /* Frameworks */ = {
			isa = PBXFrameworksBuildPhase;
			buildActionMask = 2147483647;
			files = (
			);
			runOnlyForDeploymentPostprocessing = 0;
		};
		D0F8822E2A0DA7F700E490E7 /* Frameworks */ = {
			isa = PBXFrameworksBuildPhase;
			buildActionMask = 2147483647;
			files = (
			);
			runOnlyForDeploymentPostprocessing = 0;
		};
/* End PBXFrameworksBuildPhase section */

/* Begin PBXGroup section */
		D0F8820E2A0DA7F400E490E7 = {
			isa = PBXGroup;
			children = (
				D0F882192A0DA7F400E490E7 /* McCann Red Angus */,
				D0F8822A2A0DA7F700E490E7 /* McCann Red AngusTests */,
				D0F882342A0DA7F700E490E7 /* McCann Red AngusUITests */,
				D0F882182A0DA7F400E490E7 /* Products */,
			);
			sourceTree = "<group>";
		};
		D0F882182A0DA7F400E490E7 /* Products */ = {
			isa = PBXGroup;
			children = (
				D0F882172A0DA7F400E490E7 /* McCann Red Angus.app */,
				D0F882272A0DA7F700E490E7 /* McCann Red AngusTests.xctest */,
				D0F882312A0DA7F700E490E7 /* McCann Red AngusUITests.xctest */,
			);
			name = Products;
			sourceTree = "<group>";
		};
		D0F882192A0DA7F400E490E7 /* McCann Red Angus */ = {
			isa = PBXGroup;
			children = (
				D0F8821A2A0DA7F400E490E7 /* McCann_Red_AngusApp.swift */,
				D0F8821C2A0DA7F400E490E7 /* ContentView.swift */,
				D0F8821E2A0DA7F700E490E7 /* Assets.xcassets */,
				D0F882202A0DA7F700E490E7 /* Preview Content */,
			);
			path = "McCann Red Angus";
			sourceTree = "<group>";
		};
		D0F882202A0DA7F700E490E7 /* Preview Content */ = {
			isa = PBXGroup;
			children = (
				D0F882212A0DA7F700E490E7 /* Preview Assets.xcassets */,
			);
			path = "Preview Content";
			sourceTree = "<group>";
		};
		D0F8822A2A0DA7F700E490E7 /* McCann Red AngusTests */ = {
			isa = PBXGroup;
			children = (
				D0F8822B2A0DA7F700E490E7 /* McCann_Red_AngusTests.swift */,
			);
			path = "McCann Red AngusTests";
			sourceTree = "<group>";
		};
		D0F882342A0DA7F700E490E7 /* McCann Red AngusUITests */ = {
			isa = PBXGroup;
			children = (
				D0F882352A0DA7F700E490E7 /* McCann_Red_AngusUITests.swift */,
				D0F882372A0DA7F700E490E7 /* McCann_Red_AngusUITestsLaunchTests.swift */,
			);
			path = "McCann Red AngusUITests";
			sourceTree = "<group>";
		};
/* End PBXGroup section */

/* Begin PBXNativeTarget section */
		D0F882162A0DA7F400E490E7 /* McCann Red Angus */ = {
			isa = PBXNativeTarget;
			buildConfigurationList = D0F8823B2A0DA7F700E490E7 /* Build configuration list for PBXNativeTarget "McCann Red Angus" */;
			buildPhases = (
				D0F882132A0DA7F400E490E7 /* Sources */,
				D0F882142A0DA7F400E490E7 /* Frameworks */,
				D0F882152A0DA7F400E490E7 /* Resources */,
			);
			buildRules = (
			);
			dependencies = (
			);
			name = "McCann Red Angus";
			productName = "McCann Red Angus";
			productReference = D0F882172A0DA7F400E490E7 /* McCann Red Angus.app */;
			productType = "com.apple.product-type.application";
		};
		D0F882262A0DA7F700E490E7 /* McCann Red AngusTests */ = {
			isa = PBXNativeTarget;
			buildConfigurationList = D0F8823E2A0DA7F700E490E7 /* Build configuration list for PBXNativeTarget "McCann Red AngusTests" */;
			buildPhases = (
				D0F882232A0DA7F700E490E7 /* Sources */,
				D0F882242A0DA7F700E490E7 /* Frameworks */,
				D0F882252A0DA7F700E490E7 /* Resources */,
			);
			buildRules = (
			);
			dependencies = (
				D0F882292A0DA7F700E490E7 /* PBXTargetDependency */,
			);
			name = "McCann Red AngusTests";
			productName = "McCann Red AngusTests";
			productReference = D0F882272A0DA7F700E490E7 /* McCann Red AngusTests.xctest */;
			productType = "com.apple.product-type.bundle.unit-test";
		};
		D0F882302A0DA7F700E490E7 /* McCann Red AngusUITests */ = {
			isa = PBXNativeTarget;
			buildConfigurationList = D0F882412A0DA7F700E490E7 /* Build configuration list for PBXNativeTarget "McCann Red AngusUITests" */;
			buildPhases = (
				D0F8822D2A0DA7F700E490E7 /* Sources */,
				D0F8822E2A0DA7F700E490E7 /* Frameworks */,
				D0F8822F2A0DA7F700E490E7 /* Resources */,
			);
			buildRules = (
			);
			dependencies = (
				D0F882332A0DA7F700E490E7 /* PBXTargetDependency */,
			);
			name = "McCann Red AngusUITests";
			productName = "McCann Red AngusUITests";
			productReference = D0F882312A0DA7F700E490E7 /* McCann Red AngusUITests.xctest */;
			productType = "com.apple.product-type.bundle.ui-testing";
		};
/* End PBXNativeTarget section */

/* Begin PBXProject section */
		D0F8820F2A0DA7F400E490E7 /* Project object */ = {
			isa = PBXProject;
			attributes = {
				BuildIndependentTargetsInParallel = 1;
				LastSwiftUpdateCheck = 1410;
				LastUpgradeCheck = 1410;
				TargetAttributes = {
					D0F882162A0DA7F400E490E7 = {
						CreatedOnToolsVersion = 14.1;
					};
					D0F882262A0DA7F700E490E7 = {
						CreatedOnToolsVersion = 14.1;
						TestTargetID = D0F882162A0DA7F400E490E7;
					};
					D0F882302A0DA7F700E490E7 = {
						CreatedOnToolsVersion = 14.1;
						TestTargetID = D0F882162A0DA7F400E490E7;
					};
				};
			};
			buildConfigurationList = D0F882122A0DA7F400E490E7 /* Build configuration list for PBXProject "McCann Red Angus" */;
			compatibilityVersion = "Xcode 14.0";
			developmentRegion = en;
			hasScannedForEncodings = 0;
			knownRegions = (
				en,
				Base,
			);
			mainGroup = D0F8820E2A0DA7F400E490E7;
			productRefGroup = D0F882182A0DA7F400E490E7 /* Products */;
			projectDirPath = "";
			projectRoot = "";
			targets = (
				D0F882162A0DA7F400E490E7 /* McCann Red Angus */,
				D0F882262A0DA7F700E490E7 /* McCann Red AngusTests */,
				D0F882302A0DA7F700E490E7 /* McCann Red AngusUITests */,
			);
		};
/* End PBXProject section */

/* Begin PBXResourcesBuildPhase section */
		D0F882152A0DA7F400E490E7 /* Resources */ = {
			isa = PBXResourcesBuildPhase;
			buildActionMask = 2147483647;
			files = (
				D0F882222A0DA7F700E490E7 /* Preview Assets.xcassets in Resources */,
				D0F8821F2A0DA7F700E490E7 /* Assets.xcassets in Resources */,
			);
			runOnlyForDeploymentPostprocessing = 0;
		};
		D0F882252A0DA7F700E490E7 /* Resources */ = {
			isa = PBXResourcesBuildPhase;
			buildActionMask = 2147483647;
			files = (
			);
			runOnlyForDeploymentPostprocessing = 0;
		};
		D0F8822F2A0DA7F700E490E7 /* Resources */ = {
			isa = PBXResourcesBuildPhase;
			buildActionMask = 2147483647;
			files = (
			);
			runOnlyForDeploymentPostprocessing = 0;
		};
/* End PBXResourcesBuildPhase section */

/* Begin PBXSourcesBuildPhase section */
		D0F882132A0DA7F400E490E7 /* Sources */ = {
			isa = PBXSourcesBuildPhase;
			buildActionMask = 2147483647;
			files = (
				D0F8821D2A0DA7F400E490E7 /* ContentView.swift in Sources */,
				D0F8821B2A0DA7F400E490E7 /* McCann_Red_AngusApp.swift in Sources */,
			);
			runOnlyForDeploymentPostprocessing = 0;
		};
		D0F882232A0DA7F700E490E7 /* Sources */ = {
			isa = PBXSourcesBuildPhase;
			buildActionMask = 2147483647;
			files = (
				D0F8822C2A0DA7F700E490E7 /* McCann_Red_AngusTests.swift in Sources */,
			);
			runOnlyForDeploymentPostprocessing = 0;
		};
		D0F8822D2A0DA7F700E490E7 /* Sources */ = {
			isa = PBXSourcesBuildPhase;
			buildActionMask = 2147483647;
			files = (
				D0F882362A0DA7F700E490E7 /* McCann_Red_AngusUITests.swift in Sources */,
				D0F882382A0DA7F700E490E7 /* McCann_Red_AngusUITestsLaunchTests.swift in Sources */,
			);
			runOnlyForDeploymentPostprocessing = 0;
		};
/* End PBXSourcesBuildPhase section */

/* Begin PBXTargetDependency section */
		D0F882292A0DA7F700E490E7 /* PBXTargetDependency */ = {
			isa = PBXTargetDependency;
			target = D0F882162A0DA7F400E490E7 /* McCann Red Angus */;
			targetProxy = D0F882282A0DA7F700E490E7 /* PBXContainerItemProxy */;
		};
		D0F882332A0DA7F700E490E7 /* PBXTargetDependency */ = {
			isa = PBXTargetDependency;
			target = D0F882162A0DA7F400E490E7 /* McCann Red Angus */;
			targetProxy = D0F882322A0DA7F700E490E7 /* PBXContainerItemProxy */;
		};
/* End PBXTargetDependency section */

/* Begin XCBuildConfiguration section */
		D0F882392A0DA7F700E490E7 /* Debug */ = {
			isa = XCBuildConfiguration;
			buildSettings = {
				ALWAYS_SEARCH_USER_PATHS = NO;
				CLANG_ANALYZER_NONNULL = YES;
				CLANG_ANALYZER_NUMBER_OBJECT_CONVERSION = YES_AGGRESSIVE;
				CLANG_CXX_LANGUAGE_STANDARD = "gnu++20";
				CLANG_ENABLE_MODULES = YES;
				CLANG_ENABLE_OBJC_ARC = YES;
				CLANG_ENABLE_OBJC_WEAK = YES;
				CLANG_WARN_BLOCK_CAPTURE_AUTORELEASING = YES;
				CLANG_WARN_BOOL_CONVERSION = YES;
				CLANG_WARN_COMMA = YES;
				CLANG_WARN_CONSTANT_CONVERSION = YES;
				CLANG_WARN_DEPRECATED_OBJC_IMPLEMENTATIONS = YES;
				CLANG_WARN_DIRECT_OBJC_ISA_USAGE = YES_ERROR;
				CLANG_WARN_DOCUMENTATION_COMMENTS = YES;
				CLANG_WARN_EMPTY_BODY = YES;
				CLANG_WARN_ENUM_CONVERSION = YES;
				CLANG_WARN_INFINITE_RECURSION = YES;
				CLANG_WARN_INT_CONVERSION = YES;
				CLANG_WARN_NON_LITERAL_NULL_CONVERSION = YES;
				CLANG_WARN_OBJC_IMPLICIT_RETAIN_SELF = YES;
				CLANG_WARN_OBJC_LITERAL_CONVERSION = YES;
				CLANG_WARN_OBJC_ROOT_CLASS = YES_ERROR;
				CLANG_WARN_QUOTED_INCLUDE_IN_FRAMEWORK_HEADER = YES;
				CLANG_WARN_RANGE_LOOP_ANALYSIS = YES;
				CLANG_WARN_STRICT_PROTOTYPES = YES;
				CLANG_WARN_SUSPICIOUS_MOVE = YES;
				CLANG_WARN_UNGUARDED_AVAILABILITY = YES_AGGRESSIVE;
				CLANG_WARN_UNREACHABLE_CODE = YES;
				CLANG_WARN__DUPLICATE_METHOD_MATCH = YES;
				COPY_PHASE_STRIP = NO;
				DEBUG_INFORMATION_FORMAT = dwarf;
				ENABLE_STRICT_OBJC_MSGSEND = YES;
				ENABLE_TESTABILITY = YES;
				GCC_C_LANGUAGE_STANDARD = gnu11;
				GCC_DYNAMIC_NO_PIC = NO;
				GCC_NO_COMMON_BLOCKS = YES;
				GCC_OPTIMIZATION_LEVEL = 0;
				GCC_PREPROCESSOR_DEFINITIONS = (
					"DEBUG=1",
					"$(inherited)",
				);
				GCC_WARN_64_TO_32_BIT_CONVERSION = YES;
				GCC_WARN_ABOUT_RETURN_TYPE = YES_ERROR;
				GCC_WARN_UNDECLARED_SELECTOR = YES;
				GCC_WARN_UNINITIALIZED_AUTOS = YES_AGGRESSIVE;
				GCC_WARN_UNUSED_FUNCTION = YES;
				GCC_WARN_UNUSED_VARIABLE = YES;
				IPHONEOS_DEPLOYMENT_TARGET = 16.1;
				MTL_ENABLE_DEBUG_INFO = INCLUDE_SOURCE;
				MTL_FAST_MATH = YES;
				ONLY_ACTIVE_ARCH = YES;
				SDKROOT = iphoneos;
				SWIFT_ACTIVE_COMPILATION_CONDITIONS = DEBUG;
				SWIFT_OPTIMIZATION_LEVEL = "-Onone";
			};
			name = Debug;
		};
		D0F8823A2A0DA7F700E490E7 /* Release */ = {
			isa = XCBuildConfiguration;
			buildSettings = {
				ALWAYS_SEARCH_USER_PATHS = NO;
				CLANG_ANALYZER_NONNULL = YES;
				CLANG_ANALYZER_NUMBER_OBJECT_CONVERSION = YES_AGGRESSIVE;
				CLANG_CXX_LANGUAGE_STANDARD = "gnu++20";
				CLANG_ENABLE_MODULES = YES;
				CLANG_ENABLE_OBJC_ARC = YES;
				CLANG_ENABLE_OBJC_WEAK = YES;
				CLANG_WARN_BLOCK_CAPTURE_AUTORELEASING = YES;
				CLANG_WARN_BOOL_CONVERSION = YES;
				CLANG_WARN_COMMA = YES;
				CLANG_WARN_CONSTANT_CONVERSION = YES;
				CLANG_WARN_DEPRECATED_OBJC_IMPLEMENTATIONS = YES;
				CLANG_WARN_DIRECT_OBJC_ISA_USAGE = YES_ERROR;
				CLANG_WARN_DOCUMENTATION_COMMENTS = YES;
				CLANG_WARN_EMPTY_BODY = YES;
				CLANG_WARN_ENUM_CONVERSION = YES;
				CLANG_WARN_INFINITE_RECURSION = YES;
				CLANG_WARN_INT_CONVERSION = YES;
				CLANG_WARN_NON_LITERAL_NULL_CONVERSION = YES;
				CLANG_WARN_OBJC_IMPLICIT_RETAIN_SELF = YES;
				CLANG_WARN_OBJC_LITERAL_CONVERSION = YES;
				CLANG_WARN_OBJC_ROOT_CLASS = YES_ERROR;
				CLANG_WARN_QUOTED_INCLUDE_IN_FRAMEWORK_HEADER = YES;
				CLANG_WARN_RANGE_LOOP_ANALYSIS = YES;
				CLANG_WARN_STRICT_PROTOTYPES = YES;
				CLANG_WARN_SUSPICIOUS_MOVE = YES;
				CLANG_WARN_UNGUARDED_AVAILABILITY = YES_AGGRESSIVE;
				CLANG_WARN_UNREACHABLE_CODE = YES;
				CLANG_WARN__DUPLICATE_METHOD_MATCH = YES;
				COPY_PHASE_STRIP = NO;
				DEBUG_INFORMATION_FORMAT = "dwarf-with-dsym";
				ENABLE_NS_ASSERTIONS = NO;
				ENABLE_STRICT_OBJC_MSGSEND = YES;
				GCC_C_LANGUAGE_STANDARD = gnu11;
				GCC_NO_COMMON_BLOCKS = YES;
				GCC_WARN_64_TO_32_BIT_CONVERSION = YES;
				GCC_WARN_ABOUT_RETURN_TYPE = YES_ERROR;
				GCC_WARN_UNDECLARED_SELECTOR = YES;
				GCC_WARN_UNINITIALIZED_AUTOS = YES_AGGRESSIVE;
				GCC_WARN_UNUSED_FUNCTION = YES;
				GCC_WARN_UNUSED_VARIABLE = YES;
				IPHONEOS_DEPLOYMENT_TARGET = 16.1;
				MTL_ENABLE_DEBUG_INFO = NO;
				MTL_FAST_MATH = YES;
				SDKROOT = iphoneos;
				SWIFT_COMPILATION_MODE = wholemodule;
				SWIFT_OPTIMIZATION_LEVEL = "-O";
				VALIDATE_PRODUCT = YES;
			};
			name = Release;
		};
		D0F8823C2A0DA7F700E490E7 /* Debug */ = {
			isa = XCBuildConfiguration;
			buildSettings = {
				ASSETCATALOG_COMPILER_APPICON_NAME = AppIcon;
				ASSETCATALOG_COMPILER_GLOBAL_ACCENT_COLOR_NAME = AccentColor;
				CODE_SIGN_STYLE = Automatic;
				CURRENT_PROJECT_VERSION = 1;
				DEVELOPMENT_ASSET_PATHS = "\"McCann Red Angus/Preview Content\"";
				DEVELOPMENT_TEAM = P7768FL9DQ;
				ENABLE_PREVIEWS = YES;
				GENERATE_INFOPLIST_FILE = YES;
				INFOPLIST_KEY_UIApplicationSceneManifest_Generation = YES;
				INFOPLIST_KEY_UIApplicationSupportsIndirectInputEvents = YES;
				INFOPLIST_KEY_UILaunchScreen_Generation = YES;
				INFOPLIST_KEY_UISupportedInterfaceOrientations_iPad = "UIInterfaceOrientationPortrait UIInterfaceOrientationPortraitUpsideDown UIInterfaceOrientationLandscapeLeft UIInterfaceOrientationLandscapeRight";
				INFOPLIST_KEY_UISupportedInterfaceOrientations_iPhone = "UIInterfaceOrientationPortrait UIInterfaceOrientationLandscapeLeft UIInterfaceOrientationLandscapeRight";
				LD_RUNPATH_SEARCH_PATHS = (
					"$(inherited)",
					"@executable_path/Frameworks",
				);
				MARKETING_VERSION = 1.0;
				PRODUCT_BUNDLE_IDENTIFIER = "BillMcCann.McCann-Red-Angus";
				PRODUCT_NAME = "$(TARGET_NAME)";
				SWIFT_EMIT_LOC_STRINGS = YES;
				SWIFT_VERSION = 5.0;
				TARGETED_DEVICE_FAMILY = "1,2";
			};
			name = Debug;
		};
		D0F8823D2A0DA7F700E490E7 /* Release */ = {
			isa = XCBuildConfiguration;
			buildSettings = {
				ASSETCATALOG_COMPILER_APPICON_NAME = AppIcon;
				ASSETCATALOG_COMPILER_GLOBAL_ACCENT_COLOR_NAME = AccentColor;
				CODE_SIGN_STYLE = Automatic;
				CURRENT_PROJECT_VERSION = 1;
				DEVELOPMENT_ASSET_PATHS = "\"McCann Red Angus/Preview Content\"";
				DEVELOPMENT_TEAM = P7768FL9DQ;
				ENABLE_PREVIEWS = YES;
				GENERATE_INFOPLIST_FILE = YES;
				INFOPLIST_KEY_UIApplicationSceneManifest_Generation = YES;
				INFOPLIST_KEY_UIApplicationSupportsIndirectInputEvents = YES;
				INFOPLIST_KEY_UILaunchScreen_Generation = YES;
				INFOPLIST_KEY_UISupportedInterfaceOrientations_iPad = "UIInterfaceOrientationPortrait UIInterfaceOrientationPortraitUpsideDown UIInterfaceOrientationLandscapeLeft UIInterfaceOrientationLandscapeRight";
				INFOPLIST_KEY_UISupportedInterfaceOrientations_iPhone = "UIInterfaceOrientationPortrait UIInterfaceOrientationLandscapeLeft UIInterfaceOrientationLandscapeRight";
				LD_RUNPATH_SEARCH_PATHS = (
					"$(inherited)",
					"@executable_path/Frameworks",
				);
				MARKETING_VERSION = 1.0;
				PRODUCT_BUNDLE_IDENTIFIER = "BillMcCann.McCann-Red-Angus";
				PRODUCT_NAME = "$(TARGET_NAME)";
				SWIFT_EMIT_LOC_STRINGS = YES;
				SWIFT_VERSION = 5.0;
				TARGETED_DEVICE_FAMILY = "1,2";
			};
			name = Release;
		};
		D0F8823F2A0DA7F700E490E7 /* Debug */ = {
			isa = XCBuildConfiguration;
			buildSettings = {
				ALWAYS_EMBED_SWIFT_STANDARD_LIBRARIES = YES;
				BUNDLE_LOADER = "$(TEST_HOST)";
				CODE_SIGN_STYLE = Automatic;
				CURRENT_PROJECT_VERSION = 1;
				DEVELOPMENT_TEAM = P7768FL9DQ;
				GENERATE_INFOPLIST_FILE = YES;
				IPHONEOS_DEPLOYMENT_TARGET = 16.1;
				MARKETING_VERSION = 1.0;
				PRODUCT_BUNDLE_IDENTIFIER = "BillMcCann.McCann-Red-AngusTests";
				PRODUCT_NAME = "$(TARGET_NAME)";
				SWIFT_EMIT_LOC_STRINGS = NO;
				SWIFT_VERSION = 5.0;
				TARGETED_DEVICE_FAMILY = "1,2";
				TEST_HOST = "$(BUILT_PRODUCTS_DIR)/McCann Red Angus.app/$(BUNDLE_EXECUTABLE_FOLDER_PATH)/McCann Red Angus";
			};
			name = Debug;
		};
		D0F882402A0DA7F700E490E7 /* Release */ = {
			isa = XCBuildConfiguration;
			buildSettings = {
				ALWAYS_EMBED_SWIFT_STANDARD_LIBRARIES = YES;
				BUNDLE_LOADER = "$(TEST_HOST)";
				CODE_SIGN_STYLE = Automatic;
				CURRENT_PROJECT_VERSION = 1;
				DEVELOPMENT_TEAM = P7768FL9DQ;
				GENERATE_INFOPLIST_FILE = YES;
				IPHONEOS_DEPLOYMENT_TARGET = 16.1;
				MARKETING_VERSION = 1.0;
				PRODUCT_BUNDLE_IDENTIFIER = "BillMcCann.McCann-Red-AngusTests";
				PRODUCT_NAME = "$(TARGET_NAME)";
				SWIFT_EMIT_LOC_STRINGS = NO;
				SWIFT_VERSION = 5.0;
				TARGETED_DEVICE_FAMILY = "1,2";
				TEST_HOST = "$(BUILT_PRODUCTS_DIR)/McCann Red Angus.app/$(BUNDLE_EXECUTABLE_FOLDER_PATH)/McCann Red Angus";
			};
			name = Release;
		};
		D0F882422A0DA7F700E490E7 /* Debug */ = {
			isa = XCBuildConfiguration;
			buildSettings = {
				ALWAYS_EMBED_SWIFT_STANDARD_LIBRARIES = YES;
				CODE_SIGN_STYLE = Automatic;
				CURRENT_PROJECT_VERSION = 1;
				DEVELOPMENT_TEAM = P7768FL9DQ;
				GENERATE_INFOPLIST_FILE = YES;
				MARKETING_VERSION = 1.0;
				PRODUCT_BUNDLE_IDENTIFIER = "BillMcCann.McCann-Red-AngusUITests";
				PRODUCT_NAME = "$(TARGET_NAME)";
				SWIFT_EMIT_LOC_STRINGS = NO;
				SWIFT_VERSION = 5.0;
				TARGETED_DEVICE_FAMILY = "1,2";
				TEST_TARGET_NAME = "McCann Red Angus";
			};
			name = Debug;
		};
		D0F882432A0DA7F700E490E7 /* Release */ = {
			isa = XCBuildConfiguration;
			buildSettings = {
				ALWAYS_EMBED_SWIFT_STANDARD_LIBRARIES = YES;
				CODE_SIGN_STYLE = Automatic;
				CURRENT_PROJECT_VERSION = 1;
				DEVELOPMENT_TEAM = P7768FL9DQ;
				GENERATE_INFOPLIST_FILE = YES;
				MARKETING_VERSION = 1.0;
				PRODUCT_BUNDLE_IDENTIFIER = "BillMcCann.McCann-Red-AngusUITests";
				PRODUCT_NAME = "$(TARGET_NAME)";
				SWIFT_EMIT_LOC_STRINGS = NO;
				SWIFT_VERSION = 5.0;
				TARGETED_DEVICE_FAMILY = "1,2";
				TEST_TARGET_NAME = "McCann Red Angus";
			};
			name = Release;
		};
/* End XCBuildConfiguration section */

/* Begin XCConfigurationList section */
		D0F882122A0DA7F400E490E7 /* Build configuration list for PBXProject "McCann Red Angus" */ = {
			isa = XCConfigurationList;
			buildConfigurations = (
				D0F882392A0DA7F700E490E7 /* Debug */,
				D0F8823A2A0DA7F700E490E7 /* Release */,
			);
			defaultConfigurationIsVisible = 0;
			defaultConfigurationName = Release;
		};
		D0F8823B2A0DA7F700E490E7 /* Build configuration list for PBXNativeTarget "McCann Red Angus" */ = {
			isa = XCConfigurationList;
			buildConfigurations = (
				D0F8823C2A0DA7F700E490E7 /* Debug */,
				D0F8823D2A0DA7F700E490E7 /* Release */,
			);
			defaultConfigurationIsVisible = 0;
			defaultConfigurationName = Release;
		};
		D0F8823E2A0DA7F700E490E7 /* Build configuration list for PBXNativeTarget "McCann Red AngusTests" */ = {
			isa = XCConfigurationList;
			buildConfigurations = (
				D0F8823F2A0DA7F700E490E7 /* Debug */,
				D0F882402A0DA7F700E490E7 /* Release */,
			);
			defaultConfigurationIsVisible = 0;
			defaultConfigurationName = Release;
		};
		D0F882412A0DA7F700E490E7 /* Build configuration list for PBXNativeTarget "McCann Red AngusUITests" */ = {
			isa = XCConfigurationList;
			buildConfigurations = (
				D0F882422A0DA7F700E490E7 /* Debug */,
				D0F882432A0DA7F700E490E7 /* Release */,
			);
			defaultConfigurationIsVisible = 0;
			defaultConfigurationName = Release;
		};
/* End XCConfigurationList section */
	};
	rootObject = D0F8820F2A0DA7F400E490E7 /* Project object */;
}
